
Microsoft Visual Studio Solution File, Format Version 12.00
# Visual Studio Version 17
VisualStudioVersion = 17.4.33205.214
MinimumVisualStudioVersion = 10.0.40219.1
Project("{9A19103F-16F7-4668-BE54-9A1E7A4F7556}") = "TodoApi", "src\TodoApi.csproj", "{404F52C5-3F0F-4DA8-8555-01F364406FFE}"
EndProject
Global
	GlobalSection(SolutionConfigurationPlatforms) = preSolution
		Debug|Any CPU = Debug|Any CPU
		Release|Any CPU = Release|Any CPU
	EndGlobalSection
	GlobalSection(ProjectConfigurationPlatforms) = postSolution
		{404F52C5-3F0F-4DA8-8555-01F364406FFE}.Debug|Any CPU.ActiveCfg = Debug|Any CPU
		{404F52C5-3F0F-4DA8-8555-01F364406FFE}.Debug|Any CPU.Build.0 = Debug|Any CPU
		{404F52C5-3F0F-4DA8-8555-01F364406FFE}.Release|Any CPU.ActiveCfg = Release|Any CPU
		{404F52C5-3F0F-4DA8-8555-01F364406FFE}.Release|Any CPU.Build.0 = Release|Any CPU
	EndGlobalSection
	GlobalSection(SolutionProperties) = preSolution
		HideSolutionNode = FALSE
	EndGlobalSection
	GlobalSection(ExtensibilityGlobals) = postSolution
		SolutionGuid = {B18F4494-E975-4D54-BBB3-0DC30176CC3D}
	EndGlobalSection
EndGlobal
